<?xml version="1.0" encoding="utf-8"?>
<Project ToolsVersion="4.0" xmlns="http://schemas.microsoft.com/developer/msbuild/2003">
  <ItemGroup>
    <Filter Include="Header Files">
      <UniqueIdentifier>{93995380-89BD-4b04-88EB-625FBE52EBFB}</UniqueIdentifier>
      <Extensions>h;hh;hpp;hxx;h++;hm;inl;inc;ipp;xsd</Extensions>
    </Filter>
    <Filter Include="Header Files\Systems">
      <UniqueIdentifier>{8876cdcc-796d-4a7c-9316-4eb526baf602}</UniqueIdentifier>
    </Filter>
    <Filter Include="Header Files\Components">
      <UniqueIdentifier>{bac45f8f-73a3-462b-bc8c-725416b686aa}</UniqueIdentifier>
    </Filter>
    <Filter Include="Header Files\Events">
      <UniqueIdentifier>{898feb85-9d02-47cd-8f99-a098eba33f75}</UniqueIdentifier>
    </Filter>
    <Filter Include="Header Files\State">
      <UniqueIdentifier>{162f875c-df32-490b-9f80-2e69f72f95fe}</UniqueIdentifier>
    </Filter>
    <Filter Include="Header Files\InputCommands">
      <UniqueIdentifier>{ca4eb405-4376-4469-aea1-41e2fecc4cba}</UniqueIdentifier>
    </Filter>
    <Filter Include="Source Files">
      <UniqueIdentifier>{4FC737F1-C7A5-4376-A066-2A32D752A2FF}</UniqueIdentifier>
      <Extensions>cpp;c;cc;cxx;c++;cppm;ixx;def;odl;idl;hpj;bat;asm;asmx</Extensions>
    </Filter>
    <Filter Include="Resource Files">
      <UniqueIdentifier>{67DA6AB6-F800-4c08-8B7A-83BB121AAD01}</UniqueIdentifier>
      <Extensions>rc;ico;cur;bmp;dlg;rc2;rct;bin;rgs;gif;jpg;jpeg;jpe;resx;tiff;tif;png;wav;mfcribbon-ms</Extensions>
    </Filter>
    <Filter Include="Header Files\Grid">
      <UniqueIdentifier>{91df3d84-13ff-43ea-ac5f-df820696e2bc}</UniqueIdentifier>
    </Filter>
    <Filter Include="Header Files\State\Pengo">
      <UniqueIdentifier>{fc0a5170-fa0e-4c9c-a06d-fc51c4c5ab6a}</UniqueIdentifier>
    </Filter>
    <Filter Include="Header Files\State\SnoBee">
      <UniqueIdentifier>{4ae8fd86-cff6-4862-a273-c1fb44286a21}</UniqueIdentifier>
    </Filter>
  </ItemGroup>
  <ItemGroup>
    <ClCompile Include="Main.cpp">
      <Filter>Source Files</Filter>
    </ClCompile>
    <ClCompile Include="PlayerSystem.cpp">
      <Filter>Source Files</Filter>
    </ClCompile>
    <ClCompile Include="PengoIdleState.cpp">
      <Filter>Source Files</Filter>
    </ClCompile>
    <ClCompile Include="PengoWalkState.cpp">
      <Filter>Source Files</Filter>
    </ClCompile>
    <ClCompile Include="PengoBreakingBlockState.cpp">
      <Filter>Source Files</Filter>
    </ClCompile>
    <ClCompile Include="PengoDyingState.cpp">
      <Filter>Source Files</Filter>
    </ClCompile>
    <ClCompile Include="PengoInputCommands.cpp">
      <Filter>Source Files</Filter>
    </ClCompile>
    <ClCompile Include="UIDisplaySystem.cpp">
      <Filter>Source Files</Filter>
    </ClCompile>
    <ClCompile Include="EnemySystem.cpp">
      <Filter>Source Files</Filter>
    </ClCompile>
    <ClCompile Include="SnobeeSpawningState.cpp">
      <Filter>Source Files</Filter>
    </ClCompile>
    <ClCompile Include="SnobeeWalkState.cpp">
      <Filter>Source Files</Filter>
    </ClCompile>
    <ClCompile Include="BlockSystem.cpp">
      <Filter>Source Files</Filter>
    </ClCompile>
    <ClCompile Include="WallSystem.cpp">
      <Filter>Source Files</Filter>
    </ClCompile>
    <ClCompile Include="PengoPushingBlockState.cpp">
      <Filter>Source Files</Filter>
    </ClCompile>
    <ClCompile Include="GameManager.cpp">
      <Filter>Source Files</Filter>
    </ClCompile>
  </ItemGroup>
  <ItemGroup>
    <ClInclude Include="PengoComponent.h">
      <Filter>Header Files\Components</Filter>
    </ClInclude>
    <ClInclude Include="PengoInputCommands.h">
      <Filter>Header Files\InputCommands</Filter>
    </ClInclude>
    <ClInclude Include="PlayerSystem.h">
      <Filter>Header Files\Systems</Filter>
    </ClInclude>
    <ClInclude Include="PengoBlockBreakEvent.h">
      <Filter>Header Files\Events</Filter>
    </ClInclude>
    <ClInclude Include="PengoRespawnEvent.h">
      <Filter>Header Files\Events</Filter>
    </ClInclude>
    <ClInclude Include="UIDisplaySystem.h">
      <Filter>Header Files\Systems</Filter>
    </ClInclude>
    <ClInclude Include="ScoreChangeEvent.h">
      <Filter>Header Files\Events</Filter>
    </ClInclude>
    <ClInclude Include="DeathEvent.h">
      <Filter>Header Files\Events</Filter>
    </ClInclude>
    <ClInclude Include="ScoreComponent.h">
      <Filter>Header Files\Components</Filter>
    </ClInclude>
    <ClInclude Include="TxtDisplayComponent.h">
      <Filter>Header Files\Components</Filter>
    </ClInclude>
    <ClInclude Include="HealthComponent.h">
      <Filter>Header Files\Components</Filter>
    </ClInclude>
    <ClInclude Include="PengoGrid.h">
      <Filter>Header Files\Grid</Filter>
    </ClInclude>
    <ClInclude Include="EnemySystem.h">
      <Filter>Header Files\Systems</Filter>
    </ClInclude>
    <ClInclude Include="PengoWalkState.h">
      <Filter>Header Files\State\Pengo</Filter>
    </ClInclude>
    <ClInclude Include="PengoBreakingBlockState.h">
      <Filter>Header Files\State\Pengo</Filter>
    </ClInclude>
    <ClInclude Include="PengoDyingState.h">
      <Filter>Header Files\State\Pengo</Filter>
    </ClInclude>
    <ClInclude Include="PengoIdleState.h">
      <Filter>Header Files\State\Pengo</Filter>
    </ClInclude>
    <ClInclude Include="SnobeeSpawningState.h">
      <Filter>Header Files\State\SnoBee</Filter>
    </ClInclude>
    <ClInclude Include="SnobeeComponent.h">
      <Filter>Header Files\Components</Filter>
    </ClInclude>
    <ClInclude Include="SnobeeWalkState.h">
      <Filter>Header Files\State\SnoBee</Filter>
    </ClInclude>
    <ClInclude Include="GameManager.h">
      <Filter>Header Files\Systems</Filter>
    </ClInclude>
    <ClInclude Include="BlockComponent.h">
      <Filter>Header Files\Components</Filter>
    </ClInclude>
    <ClInclude Include="BlockSystem.h">
      <Filter>Header Files\Systems</Filter>
    </ClInclude>
    <ClInclude Include="PengoPushingBlockState.h">
      <Filter>Header Files\State\Pengo</Filter>
    </ClInclude>
    <ClInclude Include="WallComponent.h">
      <Filter>Header Files\Components</Filter>
    </ClInclude>
    <ClInclude Include="WallSystem.h">
      <Filter>Header Files\Systems</Filter>
    </ClInclude>
  </ItemGroup>
</Project>