<?xml version="1.0" encoding="utf-8"?>
<Project ToolsVersion="4.0" xmlns="http://schemas.microsoft.com/developer/msbuild/2003">
  <ItemGroup>
    <Filter Include="Source Files">
      <UniqueIdentifier>{4FC737F1-C7A5-4376-A066-2A32D752A2FF}</UniqueIdentifier>
      <Extensions>cpp;c;cc;cxx;def;odl;idl;hpj;bat;asm;asmx</Extensions>
    </Filter>
    <Filter Include="Header Files">
      <UniqueIdentifier>{93995380-89BD-4b04-88EB-625FBE52EBFB}</UniqueIdentifier>
      <Extensions>h;hh;hpp;hxx;hm;inl;inc;xsd</Extensions>
    </Filter>
    <Filter Include="Resource Files">
      <UniqueIdentifier>{67DA6AB6-F800-4c08-8B7A-83BB121AAD01}</UniqueIdentifier>
      <Extensions>rc;ico;cur;bmp;dlg;rc2;rct;bin;rgs;gif;jpg;jpeg;jpe;resx;tiff;tif;png;wav;mfcribbon-ms</Extensions>
    </Filter>
    <Filter Include="Header Files\ECS">
      <UniqueIdentifier>{a72e4703-37c4-4d3f-a517-b5b3275b9821}</UniqueIdentifier>
    </Filter>
    <Filter Include="Header Files\ECS\ECS Components">
      <UniqueIdentifier>{75ed3dd7-61ab-4fd4-bcec-2b33b4876c21}</UniqueIdentifier>
    </Filter>
    <Filter Include="Header Files\ECS\SparseSet">
      <UniqueIdentifier>{a648090b-0891-415c-9e0b-abf67a5037fd}</UniqueIdentifier>
    </Filter>
    <Filter Include="Header Files\ECS\ECS Components\ECS">
      <UniqueIdentifier>{9a81b5d0-729a-446f-8a99-9248ab0b01d6}</UniqueIdentifier>
    </Filter>
    <Filter Include="Header Files\ECS\ECS Components\Entitiies">
      <UniqueIdentifier>{a6c5146d-ce25-40be-afc1-30f8229be3f7}</UniqueIdentifier>
    </Filter>
    <Filter Include="Header Files\ECS\BitSet">
      <UniqueIdentifier>{be3fc76b-0a34-4c8a-a412-c286e5a50cad}</UniqueIdentifier>
    </Filter>
    <Filter Include="Header Files\Resource">
      <UniqueIdentifier>{001430b0-a41f-41b3-b21e-027c1c844598}</UniqueIdentifier>
    </Filter>
    <Filter Include="Header Files\ImGui">
      <UniqueIdentifier>{68b60ae6-e349-4c72-9fc1-039a23a41cd7}</UniqueIdentifier>
    </Filter>
    <Filter Include="Source Files\ImGui">
      <UniqueIdentifier>{a93af61a-9c83-448c-94e7-b7c3ada23cbb}</UniqueIdentifier>
    </Filter>
    <Filter Include="Header Files\Input">
      <UniqueIdentifier>{8b62cf3b-514f-4e65-9b34-08d404af42d0}</UniqueIdentifier>
    </Filter>
    <Filter Include="Header Files\Input\InputCommand">
      <UniqueIdentifier>{d929aba0-ad92-47f3-8119-6557860ed60e}</UniqueIdentifier>
    </Filter>
    <Filter Include="Header Files\Input\InputDevices">
      <UniqueIdentifier>{ce06775f-3b6d-409d-82bc-602adc0e461b}</UniqueIdentifier>
    </Filter>
    <Filter Include="Header Files\Input\InputDevices\Devices">
      <UniqueIdentifier>{2b424b2c-450d-4066-86ed-27bd885822fc}</UniqueIdentifier>
    </Filter>
    <Filter Include="Header Files\Core">
      <UniqueIdentifier>{21cac00d-f9ca-47b4-8a88-f29b7b579806}</UniqueIdentifier>
    </Filter>
    <Filter Include="Header Files\ECS\ECS Components\ComponentManager">
      <UniqueIdentifier>{15a1b111-36e8-4b3e-9004-fb5f0421d025}</UniqueIdentifier>
    </Filter>
    <Filter Include="Header Files\ECS\ECS Components\ComponentManager\Wrapper">
      <UniqueIdentifier>{da6db303-8f28-4f1a-98a6-70ba84e80f0b}</UniqueIdentifier>
    </Filter>
    <Filter Include="Header Files\ECS\ECS Components\ComponentManager\Storage">
      <UniqueIdentifier>{3c92caa7-33eb-4eb0-beb1-31163432bdc5}</UniqueIdentifier>
    </Filter>
    <Filter Include="Header Files\Rendering">
      <UniqueIdentifier>{f4f1c3be-24b6-4a77-82c0-7920db232d07}</UniqueIdentifier>
    </Filter>
    <Filter Include="Header Files\Events">
      <UniqueIdentifier>{8972368e-7b72-4b31-b2b4-c48b615851a2}</UniqueIdentifier>
    </Filter>
    <Filter Include="Header Files\Components">
      <UniqueIdentifier>{a4375382-b3b2-491c-a84f-0f14b20c2d55}</UniqueIdentifier>
    </Filter>
    <Filter Include="Header Files\Scene">
      <UniqueIdentifier>{51cf14ff-9c89-448c-af00-9a68f8609969}</UniqueIdentifier>
    </Filter>
  </ItemGroup>
  <ItemGroup>
    <ClInclude Include="Components.h">
      <Filter>Header Files\Components</Filter>
    </ClInclude>
    <ClInclude Include="ECS.h">
      <Filter>Header Files\ECS\ECS Components\ECS</Filter>
    </ClInclude>
    <ClInclude Include="Entity.h">
      <Filter>Header Files\ECS\ECS Components\Entitiies</Filter>
    </ClInclude>
    <ClInclude Include="Bitset.h">
      <Filter>Header Files\ECS\BitSet</Filter>
    </ClInclude>
    <ClInclude Include="SparseSet.h">
      <Filter>Header Files\ECS\SparseSet</Filter>
    </ClInclude>
    <ClInclude Include="EntityManager.h">
      <Filter>Header Files\ECS\ECS Components\Entitiies</Filter>
    </ClInclude>
    <ClInclude Include="UniqueTypeTracker.h">
      <Filter>Header Files\ECS\ECS Components\ECS</Filter>
    </ClInclude>
    <ClInclude Include="Singleton.h">
      <Filter>Header Files\Core</Filter>
    </ClInclude>
    <ClInclude Include="Minigin.h">
      <Filter>Header Files\Core</Filter>
    </ClInclude>
    <ClInclude Include="Texture2D.h">
      <Filter>Header Files\Resource</Filter>
    </ClInclude>
    <ClInclude Include="Font.h">
      <Filter>Header Files\Resource</Filter>
    </ClInclude>
    <ClInclude Include="ResourceManager.h">
      <Filter>Header Files\Resource</Filter>
    </ClInclude>
    <ClInclude Include="..\3rdParty\imgui-1.90.4\imgui-1.90.4\imstb_truetype.h">
      <Filter>Header Files\ImGui</Filter>
    </ClInclude>
    <ClInclude Include="..\3rdParty\imgui-1.90.4\imgui-1.90.4\imconfig.h">
      <Filter>Header Files\ImGui</Filter>
    </ClInclude>
    <ClInclude Include="..\3rdParty\imgui-1.90.4\imgui-1.90.4\imgui.h">
      <Filter>Header Files\ImGui</Filter>
    </ClInclude>
    <ClInclude Include="..\3rdParty\imgui-1.90.4\imgui-1.90.4\imgui_internal.h">
      <Filter>Header Files\ImGui</Filter>
    </ClInclude>
    <ClInclude Include="..\3rdParty\imgui-1.90.4\imgui-1.90.4\imstb_rectpack.h">
      <Filter>Header Files\ImGui</Filter>
    </ClInclude>
    <ClInclude Include="..\3rdParty\imgui-1.90.4\imgui-1.90.4\imstb_textedit.h">
      <Filter>Header Files\ImGui</Filter>
    </ClInclude>
    <ClInclude Include="..\3rdParty\imgui-1.90.4\imgui-1.90.4\backends\imgui_impl_opengl2.h">
      <Filter>Header Files\ImGui</Filter>
    </ClInclude>
    <ClInclude Include="..\3rdParty\imgui-1.90.4\imgui-1.90.4\backends\imgui_impl_sdl2.h">
      <Filter>Header Files\ImGui</Filter>
    </ClInclude>
    <ClInclude Include="..\3rdParty\imgui-1.90.4\imgui-1.90.4\imgui_plot.h">
      <Filter>Header Files\ImGui</Filter>
    </ClInclude>
    <ClInclude Include="InputManager.h">
      <Filter>Header Files\Input</Filter>
    </ClInclude>
    <ClInclude Include="InputCommand.h">
      <Filter>Header Files\Input\InputCommand</Filter>
    </ClInclude>
    <ClInclude Include="InputCommands.h">
      <Filter>Header Files\Input\InputCommand</Filter>
    </ClInclude>
    <ClInclude Include="InputKeyboard.h">
      <Filter>Header Files\Input\InputDevices\Devices</Filter>
    </ClInclude>
    <ClInclude Include="InputMouse.h">
      <Filter>Header Files\Input\InputDevices\Devices</Filter>
    </ClInclude>
    <ClInclude Include="InputDevice.h">
      <Filter>Header Files\Input\InputDevices</Filter>
    </ClInclude>
    <ClInclude Include="Time.h">
      <Filter>Header Files\Core</Filter>
    </ClInclude>
    <ClInclude Include="InputBuffer.h">
      <Filter>Header Files\Input</Filter>
    </ClInclude>
    <ClInclude Include="InputController.h">
      <Filter>Header Files\Input\InputDevices\Devices</Filter>
    </ClInclude>
    <ClInclude Include="ConstComponentWrapper.h">
      <Filter>Header Files\ECS\ECS Components\ComponentManager\Wrapper</Filter>
    </ClInclude>
    <ClInclude Include="ComponentWrapper.h">
      <Filter>Header Files\ECS\ECS Components\ComponentManager\Wrapper</Filter>
    </ClInclude>
    <ClInclude Include="BaseComponentStorage.h">
      <Filter>Header Files\ECS\ECS Components\ComponentManager\Storage</Filter>
    </ClInclude>
    <ClInclude Include="ComponentStorage.h">
      <Filter>Header Files\ECS\ECS Components\ComponentManager\Storage</Filter>
    </ClInclude>
    <ClInclude Include="ComponentManager.h">
      <Filter>Header Files\ECS\ECS Components\ComponentManager</Filter>
    </ClInclude>
    <ClInclude Include="InputKeys.h">
      <Filter>Header Files\Input</Filter>
    </ClInclude>
    <ClInclude Include="Renderer.h">
      <Filter>Header Files\Rendering</Filter>
    </ClInclude>
    <ClInclude Include="EventManager.h">
      <Filter>Header Files\Events</Filter>
    </ClInclude>
    <ClInclude Include="Observer.h">
      <Filter>Header Files\Events</Filter>
    </ClInclude>
    <ClInclude Include="Event.h">
      <Filter>Header Files\Events</Filter>
    </ClInclude>
    <ClInclude Include="TransformComponent.h">
      <Filter>Header Files\Components</Filter>
    </ClInclude>
    <ClInclude Include="HealthComponent.h">
      <Filter>Header Files\Components</Filter>
    </ClInclude>
    <ClInclude Include="SceneManager.h">
      <Filter>Header Files\Scene</Filter>
    </ClInclude>
    <ClInclude Include="Scene.h">
      <Filter>Header Files\Scene</Filter>
    </ClInclude>
    <ClInclude Include="TextureComponent.h">
      <Filter>Header Files\Components</Filter>
    </ClInclude>
    <ClInclude Include="TextComponent.h">
      <Filter>Header Files\Components</Filter>
    </ClInclude>
    <ClInclude Include="FPSCounterComponent.h">
      <Filter>Header Files\Components</Filter>
    </ClInclude>
    <ClInclude Include="CharacterMovementComponent.h">
      <Filter>Header Files\Components</Filter>
    </ClInclude>
    <ClInclude Include="DisplayComponent.h">
      <Filter>Header Files\Components</Filter>
    </ClInclude>
  </ItemGroup>
  <ItemGroup>
    <ClCompile Include="ResourceManager.cpp">
      <Filter>Source Files</Filter>
    </ClCompile>
    <ClCompile Include="Renderer.cpp">
      <Filter>Source Files</Filter>
    </ClCompile>
    <ClCompile Include="Texture2D.cpp">
      <Filter>Source Files</Filter>
    </ClCompile>
    <ClCompile Include="InputManager.cpp">
      <Filter>Source Files</Filter>
    </ClCompile>
    <ClCompile Include="Scene.cpp">
      <Filter>Source Files</Filter>
    </ClCompile>
    <ClCompile Include="Font.cpp">
      <Filter>Source Files</Filter>
    </ClCompile>
    <ClCompile Include="Main.cpp">
      <Filter>Source Files</Filter>
    </ClCompile>
    <ClCompile Include="Minigin.cpp">
      <Filter>Source Files</Filter>
    </ClCompile>
    <ClCompile Include="EntityManager.cpp">
      <Filter>Source Files</Filter>
    </ClCompile>
    <ClCompile Include="UniqueTypesTracker.cpp">
      <Filter>Source Files</Filter>
    </ClCompile>
    <ClCompile Include="..\3rdParty\imgui-1.90.4\imgui-1.90.4\imgui_widgets.cpp">
      <Filter>Source Files\ImGui</Filter>
    </ClCompile>
    <ClCompile Include="..\3rdParty\imgui-1.90.4\imgui-1.90.4\imgui.cpp">
      <Filter>Source Files\ImGui</Filter>
    </ClCompile>
    <ClCompile Include="..\3rdParty\imgui-1.90.4\imgui-1.90.4\imgui_demo.cpp">
      <Filter>Source Files\ImGui</Filter>
    </ClCompile>
    <ClCompile Include="..\3rdParty\imgui-1.90.4\imgui-1.90.4\imgui_draw.cpp">
      <Filter>Source Files\ImGui</Filter>
    </ClCompile>
    <ClCompile Include="..\3rdParty\imgui-1.90.4\imgui-1.90.4\imgui_tables.cpp">
      <Filter>Source Files\ImGui</Filter>
    </ClCompile>
    <ClCompile Include="..\3rdParty\imgui-1.90.4\imgui-1.90.4\backends\imgui_impl_opengl2.cpp">
      <Filter>Source Files\ImGui</Filter>
    </ClCompile>
    <ClCompile Include="..\3rdParty\imgui-1.90.4\imgui-1.90.4\backends\imgui_impl_sdl2.cpp">
      <Filter>Source Files\ImGui</Filter>
    </ClCompile>
    <ClCompile Include="..\3rdParty\imgui-1.90.4\imgui-1.90.4\imgui_plot.cpp">
      <Filter>Source Files\ImGui</Filter>
    </ClCompile>
    <ClCompile Include="InputCommand.cpp">
      <Filter>Source Files</Filter>
    </ClCompile>
    <ClCompile Include="InputController.cpp">
      <Filter>Source Files</Filter>
    </ClCompile>
    <ClCompile Include="InputKeyboard.cpp">
      <Filter>Source Files</Filter>
    </ClCompile>
    <ClCompile Include="InputMouse.cpp">
      <Filter>Source Files</Filter>
    </ClCompile>
    <ClCompile Include="Time.cpp">
      <Filter>Source Files</Filter>
    </ClCompile>
    <ClCompile Include="InputBuffer.cpp">
      <Filter>Source Files</Filter>
    </ClCompile>
    <ClCompile Include="EventManager.cpp">
      <Filter>Source Files</Filter>
    </ClCompile>
    <ClCompile Include="Event.cpp">
      <Filter>Source Files</Filter>
    </ClCompile>
    <ClCompile Include="Observer.cpp">
      <Filter>Source Files</Filter>
    </ClCompile>
    <ClCompile Include="SceneManager.cpp">
      <Filter>Source Files</Filter>
    </ClCompile>
    <ClCompile Include="TextureComponent.cpp">
      <Filter>Source Files</Filter>
    </ClCompile>
    <ClCompile Include="TextComponent.cpp">
      <Filter>Source Files</Filter>
    </ClCompile>
    <ClCompile Include="FPSCounterComponent.cpp">
      <Filter>Source Files</Filter>
    </ClCompile>
    <ClCompile Include="CharacterMovementComponent.cpp">
      <Filter>Source Files</Filter>
    </ClCompile>
    <ClCompile Include="DisplayComponent.cpp">
      <Filter>Source Files</Filter>
    </ClCompile>
  </ItemGroup>
</Project>