<?xml version="1.0" encoding="utf-8"?>
<Project ToolsVersion="4.0" xmlns="http://schemas.microsoft.com/developer/msbuild/2003">
  <ItemGroup>
    <Filter Include="Source Files">
      <UniqueIdentifier>{4FC737F1-C7A5-4376-A066-2A32D752A2FF}</UniqueIdentifier>
      <Extensions>cpp;c;cc;cxx;def;odl;idl;hpj;bat;asm;asmx</Extensions>
    </Filter>
    <Filter Include="Header Files">
      <UniqueIdentifier>{93995380-89BD-4b04-88EB-625FBE52EBFB}</UniqueIdentifier>
      <Extensions>h;hh;hpp;hxx;hm;inl;inc;xsd</Extensions>
    </Filter>
    <Filter Include="Resource Files">
      <UniqueIdentifier>{67DA6AB6-F800-4c08-8B7A-83BB121AAD01}</UniqueIdentifier>
      <Extensions>rc;ico;cur;bmp;dlg;rc2;rct;bin;rgs;gif;jpg;jpeg;jpe;resx;tiff;tif;png;wav;mfcribbon-ms</Extensions>
    </Filter>
    <Filter Include="Header Files\ECS">
      <UniqueIdentifier>{a72e4703-37c4-4d3f-a517-b5b3275b9821}</UniqueIdentifier>
    </Filter>
    <Filter Include="Header Files\ECS\ECS Components">
      <UniqueIdentifier>{75ed3dd7-61ab-4fd4-bcec-2b33b4876c21}</UniqueIdentifier>
    </Filter>
    <Filter Include="Header Files\ECS\SparseSet">
      <UniqueIdentifier>{a648090b-0891-415c-9e0b-abf67a5037fd}</UniqueIdentifier>
    </Filter>
    <Filter Include="Header Files\ECS\BitSet">
      <UniqueIdentifier>{be3fc76b-0a34-4c8a-a412-c286e5a50cad}</UniqueIdentifier>
    </Filter>
    <Filter Include="Header Files\Resource">
      <UniqueIdentifier>{001430b0-a41f-41b3-b21e-027c1c844598}</UniqueIdentifier>
    </Filter>
    <Filter Include="Source Files\ImGui">
      <UniqueIdentifier>{a93af61a-9c83-448c-94e7-b7c3ada23cbb}</UniqueIdentifier>
    </Filter>
    <Filter Include="Header Files\Input">
      <UniqueIdentifier>{8b62cf3b-514f-4e65-9b34-08d404af42d0}</UniqueIdentifier>
    </Filter>
    <Filter Include="Header Files\Input\InputCommand">
      <UniqueIdentifier>{d929aba0-ad92-47f3-8119-6557860ed60e}</UniqueIdentifier>
    </Filter>
    <Filter Include="Header Files\Input\InputDevices">
      <UniqueIdentifier>{ce06775f-3b6d-409d-82bc-602adc0e461b}</UniqueIdentifier>
    </Filter>
    <Filter Include="Header Files\Input\InputDevices\Devices">
      <UniqueIdentifier>{2b424b2c-450d-4066-86ed-27bd885822fc}</UniqueIdentifier>
    </Filter>
    <Filter Include="Header Files\ECS\ECS Components\ComponentManager">
      <UniqueIdentifier>{15a1b111-36e8-4b3e-9004-fb5f0421d025}</UniqueIdentifier>
    </Filter>
    <Filter Include="Header Files\ECS\ECS Components\ComponentManager\Wrapper">
      <UniqueIdentifier>{da6db303-8f28-4f1a-98a6-70ba84e80f0b}</UniqueIdentifier>
    </Filter>
    <Filter Include="Header Files\ECS\ECS Components\ComponentManager\Storage">
      <UniqueIdentifier>{3c92caa7-33eb-4eb0-beb1-31163432bdc5}</UniqueIdentifier>
    </Filter>
    <Filter Include="Header Files\Rendering">
      <UniqueIdentifier>{f4f1c3be-24b6-4a77-82c0-7920db232d07}</UniqueIdentifier>
    </Filter>
    <Filter Include="Header Files\Events">
      <UniqueIdentifier>{8972368e-7b72-4b31-b2b4-c48b615851a2}</UniqueIdentifier>
    </Filter>
    <Filter Include="Header Files\Components">
      <UniqueIdentifier>{a4375382-b3b2-491c-a84f-0f14b20c2d55}</UniqueIdentifier>
    </Filter>
    <Filter Include="Header Files\Scene">
      <UniqueIdentifier>{51cf14ff-9c89-448c-af00-9a68f8609969}</UniqueIdentifier>
    </Filter>
    <Filter Include="Header Files\Core">
      <UniqueIdentifier>{21cac00d-f9ca-47b4-8a88-f29b7b579806}</UniqueIdentifier>
    </Filter>
    <Filter Include="Header Files\Achievements">
      <UniqueIdentifier>{6ce943ba-2823-4b82-a20e-ca9fe414b864}</UniqueIdentifier>
    </Filter>
    <Filter Include="Header Files\Events\Component">
      <UniqueIdentifier>{a7b0b8b3-0532-4370-9343-7a9f0b59fe6d}</UniqueIdentifier>
    </Filter>
    <Filter Include="Header Files\ECS\ECS Components\Entities">
      <UniqueIdentifier>{a6c5146d-ce25-40be-afc1-30f8229be3f7}</UniqueIdentifier>
    </Filter>
    <Filter Include="Source Files\Systems">
      <UniqueIdentifier>{08cb5efa-e948-4b6c-b327-dcb77acf27bd}</UniqueIdentifier>
    </Filter>
    <Filter Include="Header Files\Systems">
      <UniqueIdentifier>{80d4353f-ef05-471a-8123-a480e7f4da18}</UniqueIdentifier>
    </Filter>
    <Filter Include="Header Files\Rendering\ImGui">
      <UniqueIdentifier>{085c28fe-b9fe-4238-ad82-26079554d974}</UniqueIdentifier>
    </Filter>
    <Filter Include="Header Files\Rendering\Debug">
      <UniqueIdentifier>{e5facb31-a907-4a34-8f1f-a981825ee73a}</UniqueIdentifier>
    </Filter>
    <Filter Include="Header Files\Rendering\Renderer">
      <UniqueIdentifier>{f6a4fd4b-4acb-48c3-ac95-b799e336a751}</UniqueIdentifier>
    </Filter>
    <Filter Include="Header Files\Core\Debug">
      <UniqueIdentifier>{d361e516-2906-45ec-b803-41d33ae138e9}</UniqueIdentifier>
    </Filter>
    <Filter Include="Header Files\Core\Game">
      <UniqueIdentifier>{34e145c7-9b3b-4962-acf5-01cf8ee4e3f5}</UniqueIdentifier>
    </Filter>
    <Filter Include="Header Files\FileSystem">
      <UniqueIdentifier>{e2dbbaf0-66d6-41de-9787-4baf08d2f941}</UniqueIdentifier>
    </Filter>
    <Filter Include="Header Files\ECS\ECS">
      <UniqueIdentifier>{9a81b5d0-729a-446f-8a99-9248ab0b01d6}</UniqueIdentifier>
    </Filter>
    <Filter Include="Header Files\Core\UUID">
      <UniqueIdentifier>{12c9a460-de28-427b-ac37-a57f12f33cc3}</UniqueIdentifier>
    </Filter>
    <Filter Include="3rd Party">
      <UniqueIdentifier>{0d8575da-926d-4033-9fe7-e76726b65e46}</UniqueIdentifier>
    </Filter>
    <Filter Include="3rd Party\ImGui">
      <UniqueIdentifier>{68b60ae6-e349-4c72-9fc1-039a23a41cd7}</UniqueIdentifier>
    </Filter>
    <Filter Include="3rd Party\Json">
      <UniqueIdentifier>{8ad16287-e09e-478a-953f-f7788bb5d37e}</UniqueIdentifier>
    </Filter>
    <Filter Include="3rd Party\Steam">
      <UniqueIdentifier>{b6f11fd8-58d6-4600-a95b-5a20ec48246b}</UniqueIdentifier>
    </Filter>
    <Filter Include="3rd Party\UUID">
      <UniqueIdentifier>{51a816e7-9b9c-4025-b671-708c008dea0b}</UniqueIdentifier>
    </Filter>
  </ItemGroup>
  <ItemGroup>
    <ClInclude Include="Components.h">
      <Filter>Header Files\Components</Filter>
    </ClInclude>
    <ClInclude Include="ECS.h">
      <Filter>Header Files\ECS\ECS</Filter>
    </ClInclude>
    <ClInclude Include="Bitset.h">
      <Filter>Header Files\ECS\BitSet</Filter>
    </ClInclude>
    <ClInclude Include="SparseSet.h">
      <Filter>Header Files\ECS\SparseSet</Filter>
    </ClInclude>
    <ClInclude Include="EntityManager.h">
      <Filter>Header Files\ECS\ECS Components\Entities</Filter>
    </ClInclude>
    <ClInclude Include="UniqueTypeTracker.h">
      <Filter>Header Files\ECS\ECS</Filter>
    </ClInclude>
    <ClInclude Include="Texture2D.h">
      <Filter>Header Files\Resource</Filter>
    </ClInclude>
    <ClInclude Include="Font.h">
      <Filter>Header Files\Resource</Filter>
    </ClInclude>
    <ClInclude Include="ResourceManager.h">
      <Filter>Header Files\Resource</Filter>
    </ClInclude>
    <ClInclude Include="..\3rdParty\imgui-1.90.4\imgui-1.90.4\imstb_truetype.h">
      <Filter>3rd Party\ImGui</Filter>
    </ClInclude>
    <ClInclude Include="..\3rdParty\imgui-1.90.4\imgui-1.90.4\imconfig.h">
      <Filter>3rd Party\ImGui</Filter>
    </ClInclude>
    <ClInclude Include="..\3rdParty\imgui-1.90.4\imgui-1.90.4\imgui.h">
      <Filter>3rd Party\ImGui</Filter>
    </ClInclude>
    <ClInclude Include="..\3rdParty\imgui-1.90.4\imgui-1.90.4\imgui_internal.h">
      <Filter>3rd Party\ImGui</Filter>
    </ClInclude>
    <ClInclude Include="..\3rdParty\imgui-1.90.4\imgui-1.90.4\imstb_rectpack.h">
      <Filter>3rd Party\ImGui</Filter>
    </ClInclude>
    <ClInclude Include="..\3rdParty\imgui-1.90.4\imgui-1.90.4\imstb_textedit.h">
      <Filter>3rd Party\ImGui</Filter>
    </ClInclude>
    <ClInclude Include="..\3rdParty\imgui-1.90.4\imgui-1.90.4\backends\imgui_impl_opengl2.h">
      <Filter>3rd Party\ImGui</Filter>
    </ClInclude>
    <ClInclude Include="..\3rdParty\imgui-1.90.4\imgui-1.90.4\backends\imgui_impl_sdl2.h">
      <Filter>3rd Party\ImGui</Filter>
    </ClInclude>
    <ClInclude Include="..\3rdParty\imgui-1.90.4\imgui-1.90.4\imgui_plot.h">
      <Filter>3rd Party\ImGui</Filter>
    </ClInclude>
    <ClInclude Include="InputManager.h">
      <Filter>Header Files\Input</Filter>
    </ClInclude>
    <ClInclude Include="InputCommand.h">
      <Filter>Header Files\Input\InputCommand</Filter>
    </ClInclude>
    <ClInclude Include="InputCommands.h">
      <Filter>Header Files\Input\InputCommand</Filter>
    </ClInclude>
    <ClInclude Include="InputKeyboard.h">
      <Filter>Header Files\Input\InputDevices\Devices</Filter>
    </ClInclude>
    <ClInclude Include="InputMouse.h">
      <Filter>Header Files\Input\InputDevices\Devices</Filter>
    </ClInclude>
    <ClInclude Include="InputBuffer.h">
      <Filter>Header Files\Input</Filter>
    </ClInclude>
    <ClInclude Include="InputController.h">
      <Filter>Header Files\Input\InputDevices\Devices</Filter>
    </ClInclude>
    <ClInclude Include="ConstComponentWrapper.h">
      <Filter>Header Files\ECS\ECS Components\ComponentManager\Wrapper</Filter>
    </ClInclude>
    <ClInclude Include="ComponentWrapper.h">
      <Filter>Header Files\ECS\ECS Components\ComponentManager\Wrapper</Filter>
    </ClInclude>
    <ClInclude Include="BaseComponentStorage.h">
      <Filter>Header Files\ECS\ECS Components\ComponentManager\Storage</Filter>
    </ClInclude>
    <ClInclude Include="ComponentStorage.h">
      <Filter>Header Files\ECS\ECS Components\ComponentManager\Storage</Filter>
    </ClInclude>
    <ClInclude Include="ComponentManager.h">
      <Filter>Header Files\ECS\ECS Components\ComponentManager</Filter>
    </ClInclude>
    <ClInclude Include="InputKeys.h">
      <Filter>Header Files\Input</Filter>
    </ClInclude>
    <ClInclude Include="TransformComponent.h">
      <Filter>Header Files\Components</Filter>
    </ClInclude>
    <ClInclude Include="HealthComponent.h">
      <Filter>Header Files\Components</Filter>
    </ClInclude>
    <ClInclude Include="SceneManager.h">
      <Filter>Header Files\Scene</Filter>
    </ClInclude>
    <ClInclude Include="Scene.h">
      <Filter>Header Files\Scene</Filter>
    </ClInclude>
    <ClInclude Include="SpriteComponent.h">
      <Filter>Header Files\Components</Filter>
    </ClInclude>
    <ClInclude Include="TextComponent.h">
      <Filter>Header Files\Components</Filter>
    </ClInclude>
    <ClInclude Include="FPSCounterComponent.h">
      <Filter>Header Files\Components</Filter>
    </ClInclude>
    <ClInclude Include="VelocityComponent.h">
      <Filter>Header Files\Components</Filter>
    </ClInclude>
    <ClInclude Include="DisplayComponent.h">
      <Filter>Header Files\Components</Filter>
    </ClInclude>
    <ClInclude Include="InputDevice.h">
      <Filter>Header Files\Input\InputDevices</Filter>
    </ClInclude>
    <ClInclude Include="EventManager.h">
      <Filter>Header Files\Events</Filter>
    </ClInclude>
    <ClInclude Include="Event.h">
      <Filter>Header Files\Events</Filter>
    </ClInclude>
    <ClInclude Include="..\3rdParty\steamworks_sdk_158a\sdk\public\steam\isteamapplist.h">
      <Filter>3rd Party\Steam</Filter>
    </ClInclude>
    <ClInclude Include="..\3rdParty\steamworks_sdk_158a\sdk\public\steam\isteamapps.h">
      <Filter>3rd Party\Steam</Filter>
    </ClInclude>
    <ClInclude Include="..\3rdParty\steamworks_sdk_158a\sdk\public\steam\isteamappticket.h">
      <Filter>3rd Party\Steam</Filter>
    </ClInclude>
    <ClInclude Include="..\3rdParty\steamworks_sdk_158a\sdk\public\steam\isteamclient.h">
      <Filter>3rd Party\Steam</Filter>
    </ClInclude>
    <ClInclude Include="..\3rdParty\steamworks_sdk_158a\sdk\public\steam\isteamcontroller.h">
      <Filter>3rd Party\Steam</Filter>
    </ClInclude>
    <ClInclude Include="..\3rdParty\steamworks_sdk_158a\sdk\public\steam\isteamdualsense.h">
      <Filter>3rd Party\Steam</Filter>
    </ClInclude>
    <ClInclude Include="..\3rdParty\steamworks_sdk_158a\sdk\public\steam\isteamfriends.h">
      <Filter>3rd Party\Steam</Filter>
    </ClInclude>
    <ClInclude Include="..\3rdParty\steamworks_sdk_158a\sdk\public\steam\isteamgamecoordinator.h">
      <Filter>3rd Party\Steam</Filter>
    </ClInclude>
    <ClInclude Include="..\3rdParty\steamworks_sdk_158a\sdk\public\steam\isteamgameserver.h">
      <Filter>3rd Party\Steam</Filter>
    </ClInclude>
    <ClInclude Include="..\3rdParty\steamworks_sdk_158a\sdk\public\steam\isteamgameserverstats.h">
      <Filter>3rd Party\Steam</Filter>
    </ClInclude>
    <ClInclude Include="..\3rdParty\steamworks_sdk_158a\sdk\public\steam\isteamhtmlsurface.h">
      <Filter>3rd Party\Steam</Filter>
    </ClInclude>
    <ClInclude Include="..\3rdParty\steamworks_sdk_158a\sdk\public\steam\isteamhttp.h">
      <Filter>3rd Party\Steam</Filter>
    </ClInclude>
    <ClInclude Include="..\3rdParty\steamworks_sdk_158a\sdk\public\steam\isteaminput.h">
      <Filter>3rd Party\Steam</Filter>
    </ClInclude>
    <ClInclude Include="..\3rdParty\steamworks_sdk_158a\sdk\public\steam\isteaminventory.h">
      <Filter>3rd Party\Steam</Filter>
    </ClInclude>
    <ClInclude Include="..\3rdParty\steamworks_sdk_158a\sdk\public\steam\isteammatchmaking.h">
      <Filter>3rd Party\Steam</Filter>
    </ClInclude>
    <ClInclude Include="..\3rdParty\steamworks_sdk_158a\sdk\public\steam\isteammusic.h">
      <Filter>3rd Party\Steam</Filter>
    </ClInclude>
    <ClInclude Include="..\3rdParty\steamworks_sdk_158a\sdk\public\steam\isteammusicremote.h">
      <Filter>3rd Party\Steam</Filter>
    </ClInclude>
    <ClInclude Include="..\3rdParty\steamworks_sdk_158a\sdk\public\steam\isteamnetworking.h">
      <Filter>3rd Party\Steam</Filter>
    </ClInclude>
    <ClInclude Include="..\3rdParty\steamworks_sdk_158a\sdk\public\steam\isteamnetworkingmessages.h">
      <Filter>3rd Party\Steam</Filter>
    </ClInclude>
    <ClInclude Include="..\3rdParty\steamworks_sdk_158a\sdk\public\steam\isteamnetworkingsockets.h">
      <Filter>3rd Party\Steam</Filter>
    </ClInclude>
    <ClInclude Include="..\3rdParty\steamworks_sdk_158a\sdk\public\steam\isteamnetworkingutils.h">
      <Filter>3rd Party\Steam</Filter>
    </ClInclude>
    <ClInclude Include="..\3rdParty\steamworks_sdk_158a\sdk\public\steam\isteamparentalsettings.h">
      <Filter>3rd Party\Steam</Filter>
    </ClInclude>
    <ClInclude Include="..\3rdParty\steamworks_sdk_158a\sdk\public\steam\isteamps3overlayrenderer.h">
      <Filter>3rd Party\Steam</Filter>
    </ClInclude>
    <ClInclude Include="..\3rdParty\steamworks_sdk_158a\sdk\public\steam\isteamremoteplay.h">
      <Filter>3rd Party\Steam</Filter>
    </ClInclude>
    <ClInclude Include="..\3rdParty\steamworks_sdk_158a\sdk\public\steam\isteamremotestorage.h">
      <Filter>3rd Party\Steam</Filter>
    </ClInclude>
    <ClInclude Include="..\3rdParty\steamworks_sdk_158a\sdk\public\steam\isteamscreenshots.h">
      <Filter>3rd Party\Steam</Filter>
    </ClInclude>
    <ClInclude Include="..\3rdParty\steamworks_sdk_158a\sdk\public\steam\isteamugc.h">
      <Filter>3rd Party\Steam</Filter>
    </ClInclude>
    <ClInclude Include="..\3rdParty\steamworks_sdk_158a\sdk\public\steam\isteamuser.h">
      <Filter>3rd Party\Steam</Filter>
    </ClInclude>
    <ClInclude Include="..\3rdParty\steamworks_sdk_158a\sdk\public\steam\isteamuserstats.h">
      <Filter>3rd Party\Steam</Filter>
    </ClInclude>
    <ClInclude Include="..\3rdParty\steamworks_sdk_158a\sdk\public\steam\isteamutils.h">
      <Filter>3rd Party\Steam</Filter>
    </ClInclude>
    <ClInclude Include="..\3rdParty\steamworks_sdk_158a\sdk\public\steam\isteamvideo.h">
      <Filter>3rd Party\Steam</Filter>
    </ClInclude>
    <ClInclude Include="..\3rdParty\steamworks_sdk_158a\sdk\public\steam\matchmakingtypes.h">
      <Filter>3rd Party\Steam</Filter>
    </ClInclude>
    <ClInclude Include="..\3rdParty\steamworks_sdk_158a\sdk\public\steam\steam_api.h">
      <Filter>3rd Party\Steam</Filter>
    </ClInclude>
    <ClInclude Include="..\3rdParty\steamworks_sdk_158a\sdk\public\steam\steam_api_common.h">
      <Filter>3rd Party\Steam</Filter>
    </ClInclude>
    <ClInclude Include="..\3rdParty\steamworks_sdk_158a\sdk\public\steam\steam_api_flat.h">
      <Filter>3rd Party\Steam</Filter>
    </ClInclude>
    <ClInclude Include="..\3rdParty\steamworks_sdk_158a\sdk\public\steam\steam_api_internal.h">
      <Filter>3rd Party\Steam</Filter>
    </ClInclude>
    <ClInclude Include="..\3rdParty\steamworks_sdk_158a\sdk\public\steam\steam_gameserver.h">
      <Filter>3rd Party\Steam</Filter>
    </ClInclude>
    <ClInclude Include="..\3rdParty\steamworks_sdk_158a\sdk\public\steam\steamclientpublic.h">
      <Filter>3rd Party\Steam</Filter>
    </ClInclude>
    <ClInclude Include="..\3rdParty\steamworks_sdk_158a\sdk\public\steam\steamencryptedappticket.h">
      <Filter>3rd Party\Steam</Filter>
    </ClInclude>
    <ClInclude Include="..\3rdParty\steamworks_sdk_158a\sdk\public\steam\steamhttpenums.h">
      <Filter>3rd Party\Steam</Filter>
    </ClInclude>
    <ClInclude Include="..\3rdParty\steamworks_sdk_158a\sdk\public\steam\steamnetworkingfakeip.h">
      <Filter>3rd Party\Steam</Filter>
    </ClInclude>
    <ClInclude Include="..\3rdParty\steamworks_sdk_158a\sdk\public\steam\steamnetworkingtypes.h">
      <Filter>3rd Party\Steam</Filter>
    </ClInclude>
    <ClInclude Include="..\3rdParty\steamworks_sdk_158a\sdk\public\steam\steamps3params.h">
      <Filter>3rd Party\Steam</Filter>
    </ClInclude>
    <ClInclude Include="..\3rdParty\steamworks_sdk_158a\sdk\public\steam\steamtypes.h">
      <Filter>3rd Party\Steam</Filter>
    </ClInclude>
    <ClInclude Include="..\3rdParty\steamworks_sdk_158a\sdk\public\steam\steamuniverse.h">
      <Filter>3rd Party\Steam</Filter>
    </ClInclude>
    <ClInclude Include="AchievementSystem.h">
      <Filter>Header Files\Achievements</Filter>
    </ClInclude>
    <ClInclude Include="CompObserver.h">
      <Filter>Header Files\Events\Component</Filter>
    </ClInclude>
    <ClInclude Include="EcsEventInter.h">
      <Filter>Header Files\Events\Component</Filter>
    </ClInclude>
    <ClInclude Include="TypedCompObserver.h">
      <Filter>Header Files\Events\Component</Filter>
    </ClInclude>
    <ClInclude Include="AnimationComponent.h">
      <Filter>Header Files\Components</Filter>
    </ClInclude>
    <ClInclude Include="EntityId.h">
      <Filter>Header Files\ECS\ECS Components\Entities</Filter>
    </ClInclude>
    <ClInclude Include="RenderSystem.h">
      <Filter>Header Files\Systems</Filter>
    </ClInclude>
    <ClInclude Include="WorldPositionSystem.h">
      <Filter>Header Files\Systems</Filter>
    </ClInclude>
    <ClInclude Include="Entity.h">
      <Filter>Header Files\Scene</Filter>
    </ClInclude>
    <ClInclude Include="TextSystem.h">
      <Filter>Header Files\Systems</Filter>
    </ClInclude>
    <ClInclude Include="MovementSystem.h">
      <Filter>Header Files\Systems</Filter>
    </ClInclude>
    <ClInclude Include="FPSSystem.h">
      <Filter>Header Files\Systems</Filter>
    </ClInclude>
    <ClInclude Include="UIDisplaySystem.h">
      <Filter>Header Files\Systems</Filter>
    </ClInclude>
    <ClInclude Include="ScoreComponent.h">
      <Filter>Header Files\Components</Filter>
    </ClInclude>
    <ClInclude Include="ImGUIWindow.h">
      <Filter>Header Files\Rendering\ImGui</Filter>
    </ClInclude>
    <ClInclude Include="AnimationSystem.h">
      <Filter>Header Files\Systems</Filter>
    </ClInclude>
    <ClInclude Include="RectColliderComponent.h">
      <Filter>Header Files\Components</Filter>
    </ClInclude>
    <ClInclude Include="CollisionSystem.h">
      <Filter>Header Files\Systems</Filter>
    </ClInclude>
    <ClInclude Include="..\3rdParty\imgui-1.90.4\imgui-1.90.4\backends\imgui_impl_sdlrenderer2.h">
      <Filter>3rd Party\ImGui</Filter>
    </ClInclude>
    <ClInclude Include="SceneInfoPanel.h">
      <Filter>Header Files\Rendering\Debug</Filter>
    </ClInclude>
    <ClInclude Include="Renderer.h">
      <Filter>Header Files\Rendering\Renderer</Filter>
    </ClInclude>
    <ClInclude Include="Minigin.h">
      <Filter>Header Files\Core\Game</Filter>
    </ClInclude>
    <ClInclude Include="Singleton.h">
      <Filter>Header Files\Core\Game</Filter>
    </ClInclude>
    <ClInclude Include="Time.h">
      <Filter>Header Files\Core\Game</Filter>
    </ClInclude>
    <ClInclude Include="Defines.h">
      <Filter>Header Files\Core\Game</Filter>
    </ClInclude>
    <ClInclude Include="UtilStructs.h">
      <Filter>Header Files\Core\Game</Filter>
    </ClInclude>
    <ClInclude Include="DebugOutput.h">
      <Filter>Header Files\Core\Debug</Filter>
    </ClInclude>
    <ClInclude Include="InputInfoPanel.h">
      <Filter>Header Files\Rendering\Debug</Filter>
    </ClInclude>
    <ClInclude Include="Serializer.h">
      <Filter>Header Files\FileSystem</Filter>
    </ClInclude>
    <ClInclude Include="..\3rdParty\json\json.hpp">
      <Filter>3rd Party\Json</Filter>
    </ClInclude>
    <ClInclude Include="JsonConversion.h">
      <Filter>Header Files\FileSystem</Filter>
    </ClInclude>
    <ClInclude Include="UUID.h">
      <Filter>Header Files\Core\UUID</Filter>
    </ClInclude>
    <ClInclude Include="UUIDComponent.h">
      <Filter>Header Files\Components</Filter>
    </ClInclude>
    <ClInclude Include="SceneData.h">
      <Filter>Header Files\Scene</Filter>
    </ClInclude>
    <ClInclude Include="CoreIncludes.h">
      <Filter>Header Files\Core</Filter>
    </ClInclude>
    <ClInclude Include="..\3rdParty\boost_1_84_0\boost\uuid\detail\uuid_x86.ipp">
      <Filter>3rd Party\UUID</Filter>
    </ClInclude>
    <ClInclude Include="..\3rdParty\boost_1_84_0\boost\uuid\basic_name_generator.hpp">
      <Filter>3rd Party\UUID</Filter>
    </ClInclude>
    <ClInclude Include="..\3rdParty\boost_1_84_0\boost\uuid\detail\config.hpp">
      <Filter>3rd Party\UUID</Filter>
    </ClInclude>
    <ClInclude Include="..\3rdParty\boost_1_84_0\boost\uuid\entropy_error.hpp">
      <Filter>3rd Party\UUID</Filter>
    </ClInclude>
    <ClInclude Include="..\3rdParty\boost_1_84_0\boost\uuid\detail\md5.hpp">
      <Filter>3rd Party\UUID</Filter>
    </ClInclude>
    <ClInclude Include="..\3rdParty\boost_1_84_0\boost\uuid\name_generator.hpp">
      <Filter>3rd Party\UUID</Filter>
    </ClInclude>
    <ClInclude Include="..\3rdParty\boost_1_84_0\boost\uuid\name_generator_md5.hpp">
      <Filter>3rd Party\UUID</Filter>
    </ClInclude>
    <ClInclude Include="..\3rdParty\boost_1_84_0\boost\uuid\name_generator_sha1.hpp">
      <Filter>3rd Party\UUID</Filter>
    </ClInclude>
    <ClInclude Include="..\3rdParty\boost_1_84_0\boost\uuid\nil_generator.hpp">
      <Filter>3rd Party\UUID</Filter>
    </ClInclude>
    <ClInclude Include="..\3rdParty\boost_1_84_0\boost\uuid\random_generator.hpp">
      <Filter>3rd Party\UUID</Filter>
    </ClInclude>
    <ClInclude Include="..\3rdParty\boost_1_84_0\boost\uuid\detail\random_provider.hpp">
      <Filter>3rd Party\UUID</Filter>
    </ClInclude>
    <ClInclude Include="..\3rdParty\boost_1_84_0\boost\uuid\detail\random_provider_arc4random.ipp">
      <Filter>3rd Party\UUID</Filter>
    </ClInclude>
    <ClInclude Include="..\3rdParty\boost_1_84_0\boost\uuid\detail\random_provider_bcrypt.ipp">
      <Filter>3rd Party\UUID</Filter>
    </ClInclude>
    <ClInclude Include="..\3rdParty\boost_1_84_0\boost\uuid\detail\random_provider_detect_platform.hpp">
      <Filter>3rd Party\UUID</Filter>
    </ClInclude>
    <ClInclude Include="..\3rdParty\boost_1_84_0\boost\uuid\detail\random_provider_getentropy.ipp">
      <Filter>3rd Party\UUID</Filter>
    </ClInclude>
    <ClInclude Include="..\3rdParty\boost_1_84_0\boost\uuid\detail\random_provider_getrandom.ipp">
      <Filter>3rd Party\UUID</Filter>
    </ClInclude>
    <ClInclude Include="..\3rdParty\boost_1_84_0\boost\uuid\detail\random_provider_include_platform.hpp">
      <Filter>3rd Party\UUID</Filter>
    </ClInclude>
    <ClInclude Include="..\3rdParty\boost_1_84_0\boost\uuid\detail\random_provider_posix.ipp">
      <Filter>3rd Party\UUID</Filter>
    </ClInclude>
    <ClInclude Include="..\3rdParty\boost_1_84_0\boost\uuid\detail\random_provider_wincrypt.ipp">
      <Filter>3rd Party\UUID</Filter>
    </ClInclude>
    <ClInclude Include="..\3rdParty\boost_1_84_0\boost\uuid\detail\sha1.hpp">
      <Filter>3rd Party\UUID</Filter>
    </ClInclude>
    <ClInclude Include="..\3rdParty\boost_1_84_0\boost\uuid\string_generator.hpp">
      <Filter>3rd Party\UUID</Filter>
    </ClInclude>
    <ClInclude Include="..\3rdParty\boost_1_84_0\boost\uuid\uuid.hpp">
      <Filter>3rd Party\UUID</Filter>
    </ClInclude>
    <ClInclude Include="..\3rdParty\boost_1_84_0\boost\uuid\uuid_generators.hpp">
      <Filter>3rd Party\UUID</Filter>
    </ClInclude>
    <ClInclude Include="..\3rdParty\boost_1_84_0\boost\uuid\detail\uuid_generic.ipp">
      <Filter>3rd Party\UUID</Filter>
    </ClInclude>
    <ClInclude Include="..\3rdParty\boost_1_84_0\boost\uuid\uuid_hash.hpp">
      <Filter>3rd Party\UUID</Filter>
    </ClInclude>
    <ClInclude Include="..\3rdParty\boost_1_84_0\boost\uuid\uuid_io.hpp">
      <Filter>3rd Party\UUID</Filter>
    </ClInclude>
    <ClInclude Include="..\3rdParty\boost_1_84_0\boost\uuid\uuid_serialize.hpp">
      <Filter>3rd Party\UUID</Filter>
    </ClInclude>
    <ClInclude Include="PlayerComponent.h">
      <Filter>Header Files\Components</Filter>
    </ClInclude>
    <ClInclude Include="SceneFileData.h">
      <Filter>Header Files\Scene</Filter>
    </ClInclude>
  </ItemGroup>
  <ItemGroup>
    <ClCompile Include="ResourceManager.cpp">
      <Filter>Source Files</Filter>
    </ClCompile>
    <ClCompile Include="Renderer.cpp">
      <Filter>Source Files</Filter>
    </ClCompile>
    <ClCompile Include="Texture2D.cpp">
      <Filter>Source Files</Filter>
    </ClCompile>
    <ClCompile Include="InputManager.cpp">
      <Filter>Source Files</Filter>
    </ClCompile>
    <ClCompile Include="Scene.cpp">
      <Filter>Source Files</Filter>
    </ClCompile>
    <ClCompile Include="Font.cpp">
      <Filter>Source Files</Filter>
    </ClCompile>
    <ClCompile Include="Minigin.cpp">
      <Filter>Source Files</Filter>
    </ClCompile>
    <ClCompile Include="EntityManager.cpp">
      <Filter>Source Files</Filter>
    </ClCompile>
    <ClCompile Include="UniqueTypesTracker.cpp">
      <Filter>Source Files</Filter>
    </ClCompile>
    <ClCompile Include="..\3rdParty\imgui-1.90.4\imgui-1.90.4\imgui_widgets.cpp">
      <Filter>Source Files\ImGui</Filter>
    </ClCompile>
    <ClCompile Include="..\3rdParty\imgui-1.90.4\imgui-1.90.4\imgui.cpp">
      <Filter>Source Files\ImGui</Filter>
    </ClCompile>
    <ClCompile Include="..\3rdParty\imgui-1.90.4\imgui-1.90.4\imgui_demo.cpp">
      <Filter>Source Files\ImGui</Filter>
    </ClCompile>
    <ClCompile Include="..\3rdParty\imgui-1.90.4\imgui-1.90.4\imgui_draw.cpp">
      <Filter>Source Files\ImGui</Filter>
    </ClCompile>
    <ClCompile Include="..\3rdParty\imgui-1.90.4\imgui-1.90.4\imgui_tables.cpp">
      <Filter>Source Files\ImGui</Filter>
    </ClCompile>
    <ClCompile Include="..\3rdParty\imgui-1.90.4\imgui-1.90.4\backends\imgui_impl_opengl2.cpp">
      <Filter>Source Files\ImGui</Filter>
    </ClCompile>
    <ClCompile Include="..\3rdParty\imgui-1.90.4\imgui-1.90.4\backends\imgui_impl_sdl2.cpp">
      <Filter>Source Files\ImGui</Filter>
    </ClCompile>
    <ClCompile Include="..\3rdParty\imgui-1.90.4\imgui-1.90.4\imgui_plot.cpp">
      <Filter>Source Files\ImGui</Filter>
    </ClCompile>
    <ClCompile Include="InputCommand.cpp">
      <Filter>Source Files</Filter>
    </ClCompile>
    <ClCompile Include="InputController.cpp">
      <Filter>Source Files</Filter>
    </ClCompile>
    <ClCompile Include="InputKeyboard.cpp">
      <Filter>Source Files</Filter>
    </ClCompile>
    <ClCompile Include="InputMouse.cpp">
      <Filter>Source Files</Filter>
    </ClCompile>
    <ClCompile Include="Time.cpp">
      <Filter>Source Files</Filter>
    </ClCompile>
    <ClCompile Include="InputBuffer.cpp">
      <Filter>Source Files</Filter>
    </ClCompile>
    <ClCompile Include="SceneManager.cpp">
      <Filter>Source Files</Filter>
    </ClCompile>
    <ClCompile Include="EventManager.cpp">
      <Filter>Source Files</Filter>
    </ClCompile>
    <ClCompile Include="Observer.cpp">
      <Filter>Source Files</Filter>
    </ClCompile>
    <ClCompile Include="EcsEventInter.cpp">
      <Filter>Source Files</Filter>
    </ClCompile>
    <ClCompile Include="Event.cpp">
      <Filter>Source Files</Filter>
    </ClCompile>
    <ClCompile Include="CompObserver.cpp">
      <Filter>Source Files</Filter>
    </ClCompile>
    <ClCompile Include="RenderSystem.cpp">
      <Filter>Source Files\Systems</Filter>
    </ClCompile>
    <ClCompile Include="WorldPositionSystem.cpp">
      <Filter>Source Files\Systems</Filter>
    </ClCompile>
    <ClCompile Include="Entity.cpp">
      <Filter>Source Files</Filter>
    </ClCompile>
    <ClCompile Include="TextSystem.cpp">
      <Filter>Source Files\Systems</Filter>
    </ClCompile>
    <ClCompile Include="MovementSystem.cpp">
      <Filter>Source Files\Systems</Filter>
    </ClCompile>
    <ClCompile Include="FPSSystem.cpp">
      <Filter>Source Files\Systems</Filter>
    </ClCompile>
    <ClCompile Include="UIDisplaySystem.cpp">
      <Filter>Source Files\Systems</Filter>
    </ClCompile>
    <ClCompile Include="ImGUIWindow.cpp">
      <Filter>Source Files</Filter>
    </ClCompile>
    <ClCompile Include="AnimationSystem.cpp">
      <Filter>Source Files\Systems</Filter>
    </ClCompile>
    <ClCompile Include="CollisionSystem.cpp">
      <Filter>Source Files\Systems</Filter>
    </ClCompile>
    <ClCompile Include="..\3rdParty\imgui-1.90.4\imgui-1.90.4\backends\imgui_impl_sdlrenderer2.cpp">
      <Filter>Source Files\ImGui</Filter>
    </ClCompile>
    <ClCompile Include="SceneInfoPanel.cpp">
      <Filter>Source Files</Filter>
    </ClCompile>
    <ClCompile Include="Main.cpp">
      <Filter>Header Files\Core\Game</Filter>
    </ClCompile>
    <ClCompile Include="InputInfoPanel.cpp">
      <Filter>Source Files</Filter>
    </ClCompile>
    <ClCompile Include="Serializer.cpp">
      <Filter>Source Files</Filter>
    </ClCompile>
    <ClCompile Include="UUID.cpp">
      <Filter>Source Files</Filter>
    </ClCompile>
  </ItemGroup>
  <ItemGroup>
    <None Include="..\3rdParty\steamworks_sdk_158a\sdk\public\steam\steam_api.json" />
    <None Include="Observer.h">
      <Filter>Header Files\Events</Filter>
    </None>
  </ItemGroup>
</Project>